{
  "pins" : [
    {
      "identity" : "apihandler",
      "kind" : "remoteSourceControl",
      "location" : "https://github.com/PAVUNRAJ/APIHandler.git",
      "state" : {
        "branch" : "main",
        "revision" : "41936a02a86abd15c4f92103f9fe3defbf893d63"
      }
    },
    {
      "identity" : "url-image",
      "kind" : "remoteSourceControl",
      "location" : "https://github.com/dmytro-anokhin/url-image",
      "state" : {
        "revision" : "4042f955f1fdff00ced85545e1eecdbf969b5cd0",
        "version" : "3.1.1"
      }
    }
  ],
  "version" : 2
}
